// !$*UTF8*$!
{
	archiveVersion = 1;
	classes = {
	};
	objectVersion = 56;
	objects = {

/* Begin PBXBuildFile section */
		AB85D0562BD3300200105391 /* CoinGekoiOSApp.swift in Sources */ = {isa = PBXBuildFile; fileRef = AB85D0552BD3300200105391 /* CoinGekoiOSApp.swift */; };
		AB85D0582BD3300200105391 /* ContentView.swift in Sources */ = {isa = PBXBuildFile; fileRef = AB85D0572BD3300200105391 /* ContentView.swift */; };
		AB85D05A2BD3300300105391 /* Assets.xcassets in Resources */ = {isa = PBXBuildFile; fileRef = AB85D0592BD3300300105391 /* Assets.xcassets */; };
		AB85D05D2BD3300300105391 /* Preview Assets.xcassets in Resources */ = {isa = PBXBuildFile; fileRef = AB85D05C2BD3300300105391 /* Preview Assets.xcassets */; };
		AB85D0672BD3300400105391 /* CoinGekoiOSTests.swift in Sources */ = {isa = PBXBuildFile; fileRef = AB85D0662BD3300400105391 /* CoinGekoiOSTests.swift */; };
		AB85D0712BD3300400105391 /* CoinGekoiOSUITests.swift in Sources */ = {isa = PBXBuildFile; fileRef = AB85D0702BD3300400105391 /* CoinGekoiOSUITests.swift */; };
		AB85D0732BD3300400105391 /* CoinGekoiOSUITestsLaunchTests.swift in Sources */ = {isa = PBXBuildFile; fileRef = AB85D0722BD3300400105391 /* CoinGekoiOSUITestsLaunchTests.swift */; };
/* End PBXBuildFile section */

/* Begin PBXContainerItemProxy section */
		AB85D0632BD3300400105391 /* PBXContainerItemProxy */ = {
			isa = PBXContainerItemProxy;
			containerPortal = AB85D04A2BD3300200105391 /* Project object */;
			proxyType = 1;
			remoteGlobalIDString = AB85D0512BD3300200105391;
			remoteInfo = CoinGekoiOS;
		};
		AB85D06D2BD3300400105391 /* PBXContainerItemProxy */ = {
			isa = PBXContainerItemProxy;
			containerPortal = AB85D04A2BD3300200105391 /* Project object */;
			proxyType = 1;
			remoteGlobalIDString = AB85D0512BD3300200105391;
			remoteInfo = CoinGekoiOS;
		};
/* End PBXContainerItemProxy section */

/* Begin PBXFileReference section */
		AB85D0522BD3300200105391 /* CoinGekoiOS.app */ = {isa = PBXFileReference; explicitFileType = wrapper.application; includeInIndex = 0; path = CoinGekoiOS.app; sourceTree = BUILT_PRODUCTS_DIR; };
		AB85D0552BD3300200105391 /* CoinGekoiOSApp.swift */ = {isa = PBXFileReference; lastKnownFileType = sourcecode.swift; path = CoinGekoiOSApp.swift; sourceTree = "<group>"; };
		AB85D0572BD3300200105391 /* ContentView.swift */ = {isa = PBXFileReference; lastKnownFileType = sourcecode.swift; path = ContentView.swift; sourceTree = "<group>"; };
		AB85D0592BD3300300105391 /* Assets.xcassets */ = {isa = PBXFileReference; lastKnownFileType = folder.assetcatalog; path = Assets.xcassets; sourceTree = "<group>"; };
		AB85D05C2BD3300300105391 /* Preview Assets.xcassets */ = {isa = PBXFileReference; lastKnownFileType = folder.assetcatalog; path = "Preview Assets.xcassets"; sourceTree = "<group>"; };
		AB85D0622BD3300400105391 /* CoinGekoiOSTests.xctest */ = {isa = PBXFileReference; explicitFileType = wrapper.cfbundle; includeInIndex = 0; path = CoinGekoiOSTests.xctest; sourceTree = BUILT_PRODUCTS_DIR; };
		AB85D0662BD3300400105391 /* CoinGekoiOSTests.swift */ = {isa = PBXFileReference; lastKnownFileType = sourcecode.swift; path = CoinGekoiOSTests.swift; sourceTree = "<group>"; };
		AB85D06C2BD3300400105391 /* CoinGekoiOSUITests.xctest */ = {isa = PBXFileReference; explicitFileType = wrapper.cfbundle; includeInIndex = 0; path = CoinGekoiOSUITests.xctest; sourceTree = BUILT_PRODUCTS_DIR; };
		AB85D0702BD3300400105391 /* CoinGekoiOSUITests.swift */ = {isa = PBXFileReference; lastKnownFileType = sourcecode.swift; path = CoinGekoiOSUITests.swift; sourceTree = "<group>"; };
		AB85D0722BD3300400105391 /* CoinGekoiOSUITestsLaunchTests.swift */ = {isa = PBXFileReference; lastKnownFileType = sourcecode.swift; path = CoinGekoiOSUITestsLaunchTests.swift; sourceTree = "<group>"; };
/* End PBXFileReference section */

/* Begin PBXFrameworksBuildPhase section */
		AB85D04F2BD3300200105391 /* Frameworks */ = {
			isa = PBXFrameworksBuildPhase;
			buildActionMask = 2147483647;
			files = (
			);
			runOnlyForDeploymentPostprocessing = 0;
		};
		AB85D05F2BD3300400105391 /* Frameworks */ = {
			isa = PBXFrameworksBuildPhase;
			buildActionMask = 2147483647;
			files = (
			);
			runOnlyForDeploymentPostprocessing = 0;
		};
		AB85D0692BD3300400105391 /* Frameworks */ = {
			isa = PBXFrameworksBuildPhase;
			buildActionMask = 2147483647;
			files = (
			);
			runOnlyForDeploymentPostprocessing = 0;
		};
/* End PBXFrameworksBuildPhase section */

/* Begin PBXGroup section */
		AB85D0492BD3300200105391 = {
			isa = PBXGroup;
			children = (
				AB85D0542BD3300200105391 /* CoinGekoiOS */,
				AB85D0652BD3300400105391 /* CoinGekoiOSTests */,
				AB85D06F2BD3300400105391 /* CoinGekoiOSUITests */,
				AB85D0532BD3300200105391 /* Products */,
			);
			sourceTree = "<group>";
		};
		AB85D0532BD3300200105391 /* Products */ = {
			isa = PBXGroup;
			children = (
				AB85D0522BD3300200105391 /* CoinGekoiOS.app */,
				AB85D0622BD3300400105391 /* CoinGekoiOSTests.xctest */,
				AB85D06C2BD3300400105391 /* CoinGekoiOSUITests.xctest */,
			);
			name = Products;
			sourceTree = "<group>";
		};
		AB85D0542BD3300200105391 /* CoinGekoiOS */ = {
			isa = PBXGroup;
			children = (
				AB85D0552BD3300200105391 /* CoinGekoiOSApp.swift */,
				AB85D0572BD3300200105391 /* ContentView.swift */,
				AB85D0592BD3300300105391 /* Assets.xcassets */,
				AB85D05B2BD3300300105391 /* Preview Content */,
			);
			path = CoinGekoiOS;
			sourceTree = "<group>";
		};
		AB85D05B2BD3300300105391 /* Preview Content */ = {
			isa = PBXGroup;
			children = (
				AB85D05C2BD3300300105391 /* Preview Assets.xcassets */,
			);
			path = "Preview Content";
			sourceTree = "<group>";
		};
		AB85D0652BD3300400105391 /* CoinGekoiOSTests */ = {
			isa = PBXGroup;
			children = (
				AB85D0662BD3300400105391 /* CoinGekoiOSTests.swift */,
			);
			path = CoinGekoiOSTests;
			sourceTree = "<group>";
		};
		AB85D06F2BD3300400105391 /* CoinGekoiOSUITests */ = {
			isa = PBXGroup;
			children = (
				AB85D0702BD3300400105391 /* CoinGekoiOSUITests.swift */,
				AB85D0722BD3300400105391 /* CoinGekoiOSUITestsLaunchTests.swift */,
			);
			path = CoinGekoiOSUITests;
			sourceTree = "<group>";
		};
/* End PBXGroup section */

/* Begin PBXNativeTarget section */
		AB85D0512BD3300200105391 /* CoinGekoiOS */ = {
			isa = PBXNativeTarget;
			buildConfigurationList = AB85D0762BD3300400105391 /* Build configuration list for PBXNativeTarget "CoinGekoiOS" */;
			buildPhases = (
				AB85D04E2BD3300200105391 /* Sources */,
				AB85D04F2BD3300200105391 /* Frameworks */,
				AB85D0502BD3300200105391 /* Resources */,
			);
			buildRules = (
			);
			dependencies = (
			);
			name = CoinGekoiOS;
			productName = CoinGekoiOS;
			productReference = AB85D0522BD3300200105391 /* CoinGekoiOS.app */;
			productType = "com.apple.product-type.application";
		};
		AB85D0612BD3300400105391 /* CoinGekoiOSTests */ = {
			isa = PBXNativeTarget;
			buildConfigurationList = AB85D0792BD3300400105391 /* Build configuration list for PBXNativeTarget "CoinGekoiOSTests" */;
			buildPhases = (
				AB85D05E2BD3300400105391 /* Sources */,
				AB85D05F2BD3300400105391 /* Frameworks */,
				AB85D0602BD3300400105391 /* Resources */,
			);
			buildRules = (
			);
			dependencies = (
				AB85D0642BD3300400105391 /* PBXTargetDependency */,
			);
			name = CoinGekoiOSTests;
			productName = CoinGekoiOSTests;
			productReference = AB85D0622BD3300400105391 /* CoinGekoiOSTests.xctest */;
			productType = "com.apple.product-type.bundle.unit-test";
		};
		AB85D06B2BD3300400105391 /* CoinGekoiOSUITests */ = {
			isa = PBXNativeTarget;
			buildConfigurationList = AB85D07C2BD3300400105391 /* Build configuration list for PBXNativeTarget "CoinGekoiOSUITests" */;
			buildPhases = (
				AB85D0682BD3300400105391 /* Sources */,
				AB85D0692BD3300400105391 /* Frameworks */,
				AB85D06A2BD3300400105391 /* Resources */,
			);
			buildRules = (
			);
			dependencies = (
				AB85D06E2BD3300400105391 /* PBXTargetDependency */,
			);
			name = CoinGekoiOSUITests;
			productName = CoinGekoiOSUITests;
			productReference = AB85D06C2BD3300400105391 /* CoinGekoiOSUITests.xctest */;
			productType = "com.apple.product-type.bundle.ui-testing";
		};
/* End PBXNativeTarget section */

/* Begin PBXProject section */
		AB85D04A2BD3300200105391 /* Project object */ = {
			isa = PBXProject;
			attributes = {
				BuildIndependentTargetsInParallel = 1;
				LastSwiftUpdateCheck = 1530;
				LastUpgradeCheck = 1530;
				TargetAttributes = {
					AB85D0512BD3300200105391 = {
						CreatedOnToolsVersion = 15.3;
					};
					AB85D0612BD3300400105391 = {
						CreatedOnToolsVersion = 15.3;
						TestTargetID = AB85D0512BD3300200105391;
					};
					AB85D06B2BD3300400105391 = {
						CreatedOnToolsVersion = 15.3;
						TestTargetID = AB85D0512BD3300200105391;
					};
				};
			};
			buildConfigurationList = AB85D04D2BD3300200105391 /* Build configuration list for PBXProject "CoinGekoiOS" */;
			compatibilityVersion = "Xcode 14.0";
			developmentRegion = en;
			hasScannedForEncodings = 0;
			knownRegions = (
				en,
				Base,
			);
			mainGroup = AB85D0492BD3300200105391;
			productRefGroup = AB85D0532BD3300200105391 /* Products */;
			projectDirPath = "";
			projectRoot = "";
			targets = (
				AB85D0512BD3300200105391 /* CoinGekoiOS */,
				AB85D0612BD3300400105391 /* CoinGekoiOSTests */,
				AB85D06B2BD3300400105391 /* CoinGekoiOSUITests */,
			);
		};
/* End PBXProject section */

/* Begin PBXResourcesBuildPhase section */
		AB85D0502BD3300200105391 /* Resources */ = {
			isa = PBXResourcesBuildPhase;
			buildActionMask = 2147483647;
			files = (
				AB85D05D2BD3300300105391 /* Preview Assets.xcassets in Resources */,
				AB85D05A2BD3300300105391 /* Assets.xcassets in Resources */,
			);
			runOnlyForDeploymentPostprocessing = 0;
		};
		AB85D0602BD3300400105391 /* Resources */ = {
			isa = PBXResourcesBuildPhase;
			buildActionMask = 2147483647;
			files = (
			);
			runOnlyForDeploymentPostprocessing = 0;
		};
		AB85D06A2BD3300400105391 /* Resources */ = {
			isa = PBXResourcesBuildPhase;
			buildActionMask = 2147483647;
			files = (
			);
			runOnlyForDeploymentPostprocessing = 0;
		};
/* End PBXResourcesBuildPhase section */

/* Begin PBXSourcesBuildPhase section */
		AB85D04E2BD3300200105391 /* Sources */ = {
			isa = PBXSourcesBuildPhase;
			buildActionMask = 2147483647;
			files = (
				AB85D0582BD3300200105391 /* ContentView.swift in Sources */,
				AB85D0562BD3300200105391 /* CoinGekoiOSApp.swift in Sources */,
			);
			runOnlyForDeploymentPostprocessing = 0;
		};
		AB85D05E2BD3300400105391 /* Sources */ = {
			isa = PBXSourcesBuildPhase;
			buildActionMask = 2147483647;
			files = (
				AB85D0672BD3300400105391 /* CoinGekoiOSTests.swift in Sources */,
			);
			runOnlyForDeploymentPostprocessing = 0;
		};
		AB85D0682BD3300400105391 /* Sources */ = {
			isa = PBXSourcesBuildPhase;
			buildActionMask = 2147483647;
			files = (
				AB85D0712BD3300400105391 /* CoinGekoiOSUITests.swift in Sources */,
				AB85D0732BD3300400105391 /* CoinGekoiOSUITestsLaunchTests.swift in Sources */,
			);
			runOnlyForDeploymentPostprocessing = 0;
		};
/* End PBXSourcesBuildPhase section */

/* Begin PBXTargetDependency section */
		AB85D0642BD3300400105391 /* PBXTargetDependency */ = {
			isa = PBXTargetDependency;
			target = AB85D0512BD3300200105391 /* CoinGekoiOS */;
			targetProxy = AB85D0632BD3300400105391 /* PBXContainerItemProxy */;
		};
		AB85D06E2BD3300400105391 /* PBXTargetDependency */ = {
			isa = PBXTargetDependency;
			target = AB85D0512BD3300200105391 /* CoinGekoiOS */;
			targetProxy = AB85D06D2BD3300400105391 /* PBXContainerItemProxy */;
		};
/* End PBXTargetDependency section */

/* Begin XCBuildConfiguration section */
		AB85D0742BD3300400105391 /* Debug */ = {
			isa = XCBuildConfiguration;
			buildSettings = {
				ALWAYS_SEARCH_USER_PATHS = NO;
				ASSETCATALOG_COMPILER_GENERATE_SWIFT_ASSET_SYMBOL_EXTENSIONS = YES;
				CLANG_ANALYZER_NONNULL = YES;
				CLANG_ANALYZER_NUMBER_OBJECT_CONVERSION = YES_AGGRESSIVE;
				CLANG_CXX_LANGUAGE_STANDARD = "gnu++20";
				CLANG_ENABLE_MODULES = YES;
				CLANG_ENABLE_OBJC_ARC = YES;
				CLANG_ENABLE_OBJC_WEAK = YES;
				CLANG_WARN_BLOCK_CAPTURE_AUTORELEASING = YES;
				CLANG_WARN_BOOL_CONVERSION = YES;
				CLANG_WARN_COMMA = YES;
				CLANG_WARN_CONSTANT_CONVERSION = YES;
				CLANG_WARN_DEPRECATED_OBJC_IMPLEMENTATIONS = YES;
				CLANG_WARN_DIRECT_OBJC_ISA_USAGE = YES_ERROR;
				CLANG_WARN_DOCUMENTATION_COMMENTS = YES;
				CLANG_WARN_EMPTY_BODY = YES;
				CLANG_WARN_ENUM_CONVERSION = YES;
				CLANG_WARN_INFINITE_RECURSION = YES;
				CLANG_WARN_INT_CONVERSION = YES;
				CLANG_WARN_NON_LITERAL_NULL_CONVERSION = YES;
				CLANG_WARN_OBJC_IMPLICIT_RETAIN_SELF = YES;
				CLANG_WARN_OBJC_LITERAL_CONVERSION = YES;
				CLANG_WARN_OBJC_ROOT_CLASS = YES_ERROR;
				CLANG_WARN_QUOTED_INCLUDE_IN_FRAMEWORK_HEADER = YES;
				CLANG_WARN_RANGE_LOOP_ANALYSIS = YES;
				CLANG_WARN_STRICT_PROTOTYPES = YES;
				CLANG_WARN_SUSPICIOUS_MOVE = YES;
				CLANG_WARN_UNGUARDED_AVAILABILITY = YES_AGGRESSIVE;
				CLANG_WARN_UNREACHABLE_CODE = YES;
				CLANG_WARN__DUPLICATE_METHOD_MATCH = YES;
				COPY_PHASE_STRIP = NO;
				DEBUG_INFORMATION_FORMAT = dwarf;
				ENABLE_STRICT_OBJC_MSGSEND = YES;
				ENABLE_TESTABILITY = YES;
				ENABLE_USER_SCRIPT_SANDBOXING = YES;
				GCC_C_LANGUAGE_STANDARD = gnu17;
				GCC_DYNAMIC_NO_PIC = NO;
				GCC_NO_COMMON_BLOCKS = YES;
				GCC_OPTIMIZATION_LEVEL = 0;
				GCC_PREPROCESSOR_DEFINITIONS = (
					"DEBUG=1",
					"$(inherited)",
				);
				GCC_WARN_64_TO_32_BIT_CONVERSION = YES;
				GCC_WARN_ABOUT_RETURN_TYPE = YES_ERROR;
				GCC_WARN_UNDECLARED_SELECTOR = YES;
				GCC_WARN_UNINITIALIZED_AUTOS = YES_AGGRESSIVE;
				GCC_WARN_UNUSED_FUNCTION = YES;
				GCC_WARN_UNUSED_VARIABLE = YES;
				IPHONEOS_DEPLOYMENT_TARGET = 17.4;
				LOCALIZATION_PREFERS_STRING_CATALOGS = YES;
				MTL_ENABLE_DEBUG_INFO = INCLUDE_SOURCE;
				MTL_FAST_MATH = YES;
				ONLY_ACTIVE_ARCH = YES;
				SDKROOT = iphoneos;
				SWIFT_ACTIVE_COMPILATION_CONDITIONS = "DEBUG $(inherited)";
				SWIFT_OPTIMIZATION_LEVEL = "-Onone";
			};
			name = Debug;
		};
		AB85D0752BD3300400105391 /* Release */ = {
			isa = XCBuildConfiguration;
			buildSettings = {
				ALWAYS_SEARCH_USER_PATHS = NO;
				ASSETCATALOG_COMPILER_GENERATE_SWIFT_ASSET_SYMBOL_EXTENSIONS = YES;
				CLANG_ANALYZER_NONNULL = YES;
				CLANG_ANALYZER_NUMBER_OBJECT_CONVERSION = YES_AGGRESSIVE;
				CLANG_CXX_LANGUAGE_STANDARD = "gnu++20";
				CLANG_ENABLE_MODULES = YES;
				CLANG_ENABLE_OBJC_ARC = YES;
				CLANG_ENABLE_OBJC_WEAK = YES;
				CLANG_WARN_BLOCK_CAPTURE_AUTORELEASING = YES;
				CLANG_WARN_BOOL_CONVERSION = YES;
				CLANG_WARN_COMMA = YES;
				CLANG_WARN_CONSTANT_CONVERSION = YES;
				CLANG_WARN_DEPRECATED_OBJC_IMPLEMENTATIONS = YES;
				CLANG_WARN_DIRECT_OBJC_ISA_USAGE = YES_ERROR;
				CLANG_WARN_DOCUMENTATION_COMMENTS = YES;
				CLANG_WARN_EMPTY_BODY = YES;
				CLANG_WARN_ENUM_CONVERSION = YES;
				CLANG_WARN_INFINITE_RECURSION = YES;
				CLANG_WARN_INT_CONVERSION = YES;
				CLANG_WARN_NON_LITERAL_NULL_CONVERSION = YES;
				CLANG_WARN_OBJC_IMPLICIT_RETAIN_SELF = YES;
				CLANG_WARN_OBJC_LITERAL_CONVERSION = YES;
				CLANG_WARN_OBJC_ROOT_CLASS = YES_ERROR;
				CLANG_WARN_QUOTED_INCLUDE_IN_FRAMEWORK_HEADER = YES;
				CLANG_WARN_RANGE_LOOP_ANALYSIS = YES;
				CLANG_WARN_STRICT_PROTOTYPES = YES;
				CLANG_WARN_SUSPICIOUS_MOVE = YES;
				CLANG_WARN_UNGUARDED_AVAILABILITY = YES_AGGRESSIVE;
				CLANG_WARN_UNREACHABLE_CODE = YES;
				CLANG_WARN__DUPLICATE_METHOD_MATCH = YES;
				COPY_PHASE_STRIP = NO;
				DEBUG_INFORMATION_FORMAT = "dwarf-with-dsym";
				ENABLE_NS_ASSERTIONS = NO;
				ENABLE_STRICT_OBJC_MSGSEND = YES;
				ENABLE_USER_SCRIPT_SANDBOXING = YES;
				GCC_C_LANGUAGE_STANDARD = gnu17;
				GCC_NO_COMMON_BLOCKS = YES;
				GCC_WARN_64_TO_32_BIT_CONVERSION = YES;
				GCC_WARN_ABOUT_RETURN_TYPE = YES_ERROR;
				GCC_WARN_UNDECLARED_SELECTOR = YES;
				GCC_WARN_UNINITIALIZED_AUTOS = YES_AGGRESSIVE;
				GCC_WARN_UNUSED_FUNCTION = YES;
				GCC_WARN_UNUSED_VARIABLE = YES;
				IPHONEOS_DEPLOYMENT_TARGET = 17.4;
				LOCALIZATION_PREFERS_STRING_CATALOGS = YES;
				MTL_ENABLE_DEBUG_INFO = NO;
				MTL_FAST_MATH = YES;
				SDKROOT = iphoneos;
				SWIFT_COMPILATION_MODE = wholemodule;
				VALIDATE_PRODUCT = YES;
			};
			name = Release;
		};
		AB85D0772BD3300400105391 /* Debug */ = {
			isa = XCBuildConfiguration;
			buildSettings = {
				ASSETCATALOG_COMPILER_APPICON_NAME = AppIcon;
				ASSETCATALOG_COMPILER_GLOBAL_ACCENT_COLOR_NAME = AccentColor;
				CODE_SIGN_STYLE = Automatic;
				CURRENT_PROJECT_VERSION = 1;
				DEVELOPMENT_ASSET_PATHS = "\"CoinGekoiOS/Preview Content\"";
				ENABLE_PREVIEWS = YES;
				GENERATE_INFOPLIST_FILE = YES;
				INFOPLIST_KEY_UIApplicationSceneManifest_Generation = YES;
				INFOPLIST_KEY_UIApplicationSupportsIndirectInputEvents = YES;
				INFOPLIST_KEY_UILaunchScreen_Generation = YES;
				INFOPLIST_KEY_UISupportedInterfaceOrientations_iPad = "UIInterfaceOrientationPortrait UIInterfaceOrientationPortraitUpsideDown UIInterfaceOrientationLandscapeLeft UIInterfaceOrientationLandscapeRight";
				INFOPLIST_KEY_UISupportedInterfaceOrientations_iPhone = "UIInterfaceOrientationPortrait UIInterfaceOrientationLandscapeLeft UIInterfaceOrientationLandscapeRight";
				LD_RUNPATH_SEARCH_PATHS = (
					"$(inherited)",
					"@executable_path/Frameworks",
				);
				MARKETING_VERSION = 1.0;
				PRODUCT_BUNDLE_IDENTIFIER = coin.arlen.swiftUi.CoinGekoiOS;
				PRODUCT_NAME = "$(TARGET_NAME)";
				SWIFT_EMIT_LOC_STRINGS = YES;
				SWIFT_VERSION = 5.0;
				TARGETED_DEVICE_FAMILY = "1,2";
			};
			name = Debug;
		};
		AB85D0782BD3300400105391 /* Release */ = {
			isa = XCBuildConfiguration;
			buildSettings = {
				ASSETCATALOG_COMPILER_APPICON_NAME = AppIcon;
				ASSETCATALOG_COMPILER_GLOBAL_ACCENT_COLOR_NAME = AccentColor;
				CODE_SIGN_STYLE = Automatic;
				CURRENT_PROJECT_VERSION = 1;
				DEVELOPMENT_ASSET_PATHS = "\"CoinGekoiOS/Preview Content\"";
				ENABLE_PREVIEWS = YES;
				GENERATE_INFOPLIST_FILE = YES;
				INFOPLIST_KEY_UIApplicationSceneManifest_Generation = YES;
				INFOPLIST_KEY_UIApplicationSupportsIndirectInputEvents = YES;
				INFOPLIST_KEY_UILaunchScreen_Generation = YES;
				INFOPLIST_KEY_UISupportedInterfaceOrientations_iPad = "UIInterfaceOrientationPortrait UIInterfaceOrientationPortraitUpsideDown UIInterfaceOrientationLandscapeLeft UIInterfaceOrientationLandscapeRight";
				INFOPLIST_KEY_UISupportedInterfaceOrientations_iPhone = "UIInterfaceOrientationPortrait UIInterfaceOrientationLandscapeLeft UIInterfaceOrientationLandscapeRight";
				LD_RUNPATH_SEARCH_PATHS = (
					"$(inherited)",
					"@executable_path/Frameworks",
				);
				MARKETING_VERSION = 1.0;
				PRODUCT_BUNDLE_IDENTIFIER = coin.arlen.swiftUi.CoinGekoiOS;
				PRODUCT_NAME = "$(TARGET_NAME)";
				SWIFT_EMIT_LOC_STRINGS = YES;
				SWIFT_VERSION = 5.0;
				TARGETED_DEVICE_FAMILY = "1,2";
			};
			name = Release;
		};
		AB85D07A2BD3300400105391 /* Debug */ = {
			isa = XCBuildConfiguration;
			buildSettings = {
				ALWAYS_EMBED_SWIFT_STANDARD_LIBRARIES = YES;
				BUNDLE_LOADER = "$(TEST_HOST)";
				CODE_SIGN_STYLE = Automatic;
				CURRENT_PROJECT_VERSION = 1;
				GENERATE_INFOPLIST_FILE = YES;
				IPHONEOS_DEPLOYMENT_TARGET = 17.4;
				MARKETING_VERSION = 1.0;
				PRODUCT_BUNDLE_IDENTIFIER = coin.arlen.swiftUi.CoinGekoiOSTests;
				PRODUCT_NAME = "$(TARGET_NAME)";
				SWIFT_EMIT_LOC_STRINGS = NO;
				SWIFT_VERSION = 5.0;
				TARGETED_DEVICE_FAMILY = "1,2";
				TEST_HOST = "$(BUILT_PRODUCTS_DIR)/CoinGekoiOS.app/$(BUNDLE_EXECUTABLE_FOLDER_PATH)/CoinGekoiOS";
			};
			name = Debug;
		};
		AB85D07B2BD3300400105391 /* Release */ = {
			isa = XCBuildConfiguration;
			buildSettings = {
				ALWAYS_EMBED_SWIFT_STANDARD_LIBRARIES = YES;
				BUNDLE_LOADER = "$(TEST_HOST)";
				CODE_SIGN_STYLE = Automatic;
				CURRENT_PROJECT_VERSION = 1;
				GENERATE_INFOPLIST_FILE = YES;
				IPHONEOS_DEPLOYMENT_TARGET = 17.4;
				MARKETING_VERSION = 1.0;
				PRODUCT_BUNDLE_IDENTIFIER = coin.arlen.swiftUi.CoinGekoiOSTests;
				PRODUCT_NAME = "$(TARGET_NAME)";
				SWIFT_EMIT_LOC_STRINGS = NO;
				SWIFT_VERSION = 5.0;
				TARGETED_DEVICE_FAMILY = "1,2";
				TEST_HOST = "$(BUILT_PRODUCTS_DIR)/CoinGekoiOS.app/$(BUNDLE_EXECUTABLE_FOLDER_PATH)/CoinGekoiOS";
			};
			name = Release;
		};
		AB85D07D2BD3300400105391 /* Debug */ = {
			isa = XCBuildConfiguration;
			buildSettings = {
				ALWAYS_EMBED_SWIFT_STANDARD_LIBRARIES = YES;
				CODE_SIGN_STYLE = Automatic;
				CURRENT_PROJECT_VERSION = 1;
				GENERATE_INFOPLIST_FILE = YES;
				MARKETING_VERSION = 1.0;
				PRODUCT_BUNDLE_IDENTIFIER = coin.arlen.swiftUi.CoinGekoiOSUITests;
				PRODUCT_NAME = "$(TARGET_NAME)";
				SWIFT_EMIT_LOC_STRINGS = NO;
				SWIFT_VERSION = 5.0;
				TARGETED_DEVICE_FAMILY = "1,2";
				TEST_TARGET_NAME = CoinGekoiOS;
			};
			name = Debug;
		};
		AB85D07E2BD3300400105391 /* Release */ = {
			isa = XCBuildConfiguration;
			buildSettings = {
				ALWAYS_EMBED_SWIFT_STANDARD_LIBRARIES = YES;
				CODE_SIGN_STYLE = Automatic;
				CURRENT_PROJECT_VERSION = 1;
				GENERATE_INFOPLIST_FILE = YES;
				MARKETING_VERSION = 1.0;
				PRODUCT_BUNDLE_IDENTIFIER = coin.arlen.swiftUi.CoinGekoiOSUITests;
				PRODUCT_NAME = "$(TARGET_NAME)";
				SWIFT_EMIT_LOC_STRINGS = NO;
				SWIFT_VERSION = 5.0;
				TARGETED_DEVICE_FAMILY = "1,2";
				TEST_TARGET_NAME = CoinGekoiOS;
			};
			name = Release;
		};
/* End XCBuildConfiguration section */

/* Begin XCConfigurationList section */
		AB85D04D2BD3300200105391 /* Build configuration list for PBXProject "CoinGekoiOS" */ = {
			isa = XCConfigurationList;
			buildConfigurations = (
				AB85D0742BD3300400105391 /* Debug */,
				AB85D0752BD3300400105391 /* Release */,
			);
			defaultConfigurationIsVisible = 0;
			defaultConfigurationName = Release;
		};
		AB85D0762BD3300400105391 /* Build configuration list for PBXNativeTarget "CoinGekoiOS" */ = {
			isa = XCConfigurationList;
			buildConfigurations = (
				AB85D0772BD3300400105391 /* Debug */,
				AB85D0782BD3300400105391 /* Release */,
			);
			defaultConfigurationIsVisible = 0;
			defaultConfigurationName = Release;
		};
		AB85D0792BD3300400105391 /* Build configuration list for PBXNativeTarget "CoinGekoiOSTests" */ = {
			isa = XCConfigurationList;
			buildConfigurations = (
				AB85D07A2BD3300400105391 /* Debug */,
				AB85D07B2BD3300400105391 /* Release */,
			);
			defaultConfigurationIsVisible = 0;
			defaultConfigurationName = Release;
		};
		AB85D07C2BD3300400105391 /* Build configuration list for PBXNativeTarget "CoinGekoiOSUITests" */ = {
			isa = XCConfigurationList;
			buildConfigurations = (
				AB85D07D2BD3300400105391 /* Debug */,
				AB85D07E2BD3300400105391 /* Release */,
			);
			defaultConfigurationIsVisible = 0;
			defaultConfigurationName = Release;
		};
/* End XCConfigurationList section */
	};
	rootObject = AB85D04A2BD3300200105391 /* Project object */;
}
